// !$*UTF8*$!
{
	archiveVersion = 1;
	classes = {
	};
	objectVersion = 56;
	objects = {

/* Begin PBXBuildFile section */
		C00000000000000000000001 /* FloatStopApp.swift in Sources */ = {isa = PBXBuildFile; fileRef = B00000000000000000000001 /* FloatStopApp.swift */; };
		C00000000000000000000002 /* AppDelegate.swift in Sources */ = {isa = PBXBuildFile; fileRef = B00000000000000000000002 /* AppDelegate.swift */; };
		C00000000000000000000003 /* FloatingPanel.swift in Sources */ = {isa = PBXBuildFile; fileRef = B00000000000000000000003 /* FloatingPanel.swift */; };
		C00000000000000000000004 /* TimerModel.swift in Sources */ = {isa = PBXBuildFile; fileRef = B00000000000000000000004 /* TimerModel.swift */; };
		C00000000000000000000005 /* ContentView.swift in Sources */ = {isa = PBXBuildFile; fileRef = B00000000000000000000005 /* ContentView.swift */; };
		C00000000000000000000006 /* Assets.xcassets in Resources */ = {isa = PBXBuildFile; fileRef = B00000000000000000000006 /* Assets.xcassets */; };
		C00000000000000000000007 /* MenuBarController.swift in Sources */ = {isa = PBXBuildFile; fileRef = B00000000000000000000007 /* MenuBarController.swift */; };
		C00000000000000000000008 /* TimerWindowController.swift in Sources */ = {isa = PBXBuildFile; fileRef = B00000000000000000000008 /* TimerWindowController.swift */; };
		C00000000000000000000009 /* TimerStore.swift in Sources */ = {isa = PBXBuildFile; fileRef = B00000000000000000000009 /* TimerStore.swift */; };
/* End PBXBuildFile section */

/* Begin PBXFileReference section */
		A0000000000000000000000F /* FloatStop.app */ = {isa = PBXFileReference; explicitFileType = wrapper.application; includeInIndex = 0; path = FloatStop.app; sourceTree = BUILT_PRODUCTS_DIR; };
		B00000000000000000000001 /* FloatStopApp.swift */ = {isa = PBXFileReference; lastKnownFileType = sourcecode.swift; path = FloatStopApp.swift; sourceTree = "<group>"; };
		B00000000000000000000002 /* AppDelegate.swift */ = {isa = PBXFileReference; lastKnownFileType = sourcecode.swift; path = AppDelegate.swift; sourceTree = "<group>"; };
		B00000000000000000000003 /* FloatingPanel.swift */ = {isa = PBXFileReference; lastKnownFileType = sourcecode.swift; path = FloatingPanel.swift; sourceTree = "<group>"; };
		B00000000000000000000004 /* TimerModel.swift */ = {isa = PBXFileReference; lastKnownFileType = sourcecode.swift; path = TimerModel.swift; sourceTree = "<group>"; };
		B00000000000000000000005 /* ContentView.swift */ = {isa = PBXFileReference; lastKnownFileType = sourcecode.swift; path = ContentView.swift; sourceTree = "<group>"; };
		B00000000000000000000006 /* Assets.xcassets */ = {isa = PBXFileReference; lastKnownFileType = folder.assetcatalog; path = Assets.xcassets; sourceTree = "<group>"; };
		B00000000000000000000007 /* MenuBarController.swift */ = {isa = PBXFileReference; lastKnownFileType = sourcecode.swift; path = MenuBarController.swift; sourceTree = "<group>"; };
		B00000000000000000000008 /* TimerWindowController.swift */ = {isa = PBXFileReference; lastKnownFileType = sourcecode.swift; path = TimerWindowController.swift; sourceTree = "<group>"; };
		B00000000000000000000009 /* TimerStore.swift */ = {isa = PBXFileReference; lastKnownFileType = sourcecode.swift; path = TimerStore.swift; sourceTree = "<group>"; };
/* End PBXFileReference section */

/* Begin PBXFrameworksBuildPhase section */
		A0000000000000000000000D /* Frameworks */ = {
			isa = PBXFrameworksBuildPhase;
			buildActionMask = 2147483647;
			files = (
			);
			runOnlyForDeploymentPostprocessing = 0;
		};
/* End PBXFrameworksBuildPhase section */

/* Begin PBXGroup section */
		A00000000000000000000002 /* MainGroup */ = {
			isa = PBXGroup;
			children = (
				A00000000000000000000004 /* FloatStop */,
				A00000000000000000000003 /* Products */,
			);
			sourceTree = "<group>";
		};
		A00000000000000000000003 /* Products */ = {
			isa = PBXGroup;
			children = (
				A0000000000000000000000F /* FloatStop.app */,
			);
			name = Products;
			sourceTree = "<group>";
		};
		A00000000000000000000004 /* FloatStop */ = {
			isa = PBXGroup;
			children = (
				B00000000000000000000001 /* FloatStopApp.swift */,
				B00000000000000000000002 /* AppDelegate.swift */,
				B00000000000000000000003 /* FloatingPanel.swift */,
				B00000000000000000000004 /* TimerModel.swift */,
				B00000000000000000000005 /* ContentView.swift */,
				B00000000000000000000007 /* MenuBarController.swift */,
				B00000000000000000000008 /* TimerWindowController.swift */,
				B00000000000000000000009 /* TimerStore.swift */,
				B00000000000000000000006 /* Assets.xcassets */,
			);
			path = FloatStop;
			sourceTree = "<group>";
		};
/* End PBXGroup section */

/* Begin PBXNativeTarget section */
		A00000000000000000000005 /* FloatStop */ = {
			isa = PBXNativeTarget;
			buildConfigurationList = A00000000000000000000006 /* Build configuration list for PBXNativeTarget "FloatStop" */;
			buildPhases = (
				A0000000000000000000000C /* Sources */,
				A0000000000000000000000D /* Frameworks */,
				A0000000000000000000000E /* Resources */,
			);
			buildRules = (
			);
			dependencies = (
			);
			name = FloatStop;
			productName = FloatStop;
			productReference = A0000000000000000000000F /* FloatStop.app */;
			productType = "com.apple.product-type.application";
		};
/* End PBXNativeTarget section */

/* Begin PBXProject section */
		A00000000000000000000001 /* Project object */ = {
			isa = PBXProject;
			attributes = {
				BuildIndependentTargetsInParallel = 1;
				LastSwiftUpdateCheck = 1540;
				LastUpgradeCheck = 1540;
				TargetAttributes = {
					A00000000000000000000005 = {
						CreatedOnToolsVersion = 15.4;
					};
				};
			};
			buildConfigurationList = A00000000000000000000007 /* Build configuration list for PBXProject "FloatStop" */;
			compatibilityVersion = "Xcode 14.0";
			developmentRegion = en;
			hasScannedForEncodings = 0;
			knownRegions = (
				en,
				Base,
			);
			mainGroup = A00000000000000000000002;
			productRefGroup = A00000000000000000000003 /* Products */;
			projectDirPath = "";
			projectRoot = "";
			targets = (
				A00000000000000000000005 /* FloatStop */,
			);
		};
/* End PBXProject section */

/* Begin PBXResourcesBuildPhase section */
		A0000000000000000000000E /* Resources */ = {
			isa = PBXResourcesBuildPhase;
			buildActionMask = 2147483647;
			files = (
				C00000000000000000000006 /* Assets.xcassets in Resources */,
			);
			runOnlyForDeploymentPostprocessing = 0;
		};
/* End PBXResourcesBuildPhase section */

/* Begin PBXSourcesBuildPhase section */
		A0000000000000000000000C /* Sources */ = {
			isa = PBXSourcesBuildPhase;
			buildActionMask = 2147483647;
			files = (
				C00000000000000000000001 /* FloatStopApp.swift in Sources */,
				C00000000000000000000002 /* AppDelegate.swift in Sources */,
				C00000000000000000000003 /* FloatingPanel.swift in Sources */,
				C00000000000000000000004 /* TimerModel.swift in Sources */,
				C00000000000000000000005 /* ContentView.swift in Sources */,
				C00000000000000000000007 /* MenuBarController.swift in Sources */,
				C00000000000000000000008 /* TimerWindowController.swift in Sources */,
				C00000000000000000000009 /* TimerStore.swift in Sources */,
			);
			runOnlyForDeploymentPostprocessing = 0;
		};
/* End PBXSourcesBuildPhase section */

/* Begin XCBuildConfiguration section */
		A00000000000000000000008 /* Debug */ = {
			isa = XCBuildConfiguration;
			buildSettings = {
				ALWAYS_SEARCH_USER_PATHS = NO;
				CLANG_ANALYZER_NONNULL = YES;
				CLANG_ENABLE_MODULES = YES;
				CLANG_ENABLE_OBJC_ARC = YES;
				COPY_PHASE_STRIP = NO;
				DEBUG_INFORMATION_FORMAT = dwarf;
				ENABLE_STRICT_OBJC_MSGSEND = YES;
				ENABLE_TESTABILITY = YES;
				GCC_DYNAMIC_NO_PIC = NO;
				GCC_NO_COMMON_BLOCKS = YES;
				GCC_OPTIMIZATION_LEVEL = 0;
				GCC_PREPROCESSOR_DEFINITIONS = (
					"DEBUG=1",
					"$(inherited)",
				);
				MACOSX_DEPLOYMENT_TARGET = 13.0;
				ONLY_ACTIVE_ARCH = YES;
				SDKROOT = macosx;
				SWIFT_ACTIVE_COMPILATION_CONDITIONS = DEBUG;
				SWIFT_OPTIMIZATION_LEVEL = "-Onone";
			};
			name = Debug;
		};
		A00000000000000000000009 /* Release */ = {
			isa = XCBuildConfiguration;
			buildSettings = {
				ALWAYS_SEARCH_USER_PATHS = NO;
				CLANG_ANALYZER_NONNULL = YES;
				CLANG_ENABLE_MODULES = YES;
				CLANG_ENABLE_OBJC_ARC = YES;
				COPY_PHASE_STRIP = NO;
				DEBUG_INFORMATION_FORMAT = "dwarf-with-dsym";
				ENABLE_NS_ASSERTIONS = NO;
				ENABLE_STRICT_OBJC_MSGSEND = YES;
				GCC_NO_COMMON_BLOCKS = YES;
				MACOSX_DEPLOYMENT_TARGET = 13.0;
				SDKROOT = macosx;
				SWIFT_COMPILATION_MODE = wholemodule;
				SWIFT_OPTIMIZATION_LEVEL = "-O";
			};
			name = Release;
		};
		A0000000000000000000000A /* Debug */ = {
			isa = XCBuildConfiguration;
			buildSettings = {
				ASSETCATALOG_COMPILER_APPICON_NAME = AppIcon;
				CODE_SIGN_STYLE = Automatic;
				CODE_SIGN_IDENTITY = "-";
				COMBINE_HIDPI_IMAGES = YES;
				CURRENT_PROJECT_VERSION = 1;
				ENABLE_HARDENED_RUNTIME = YES;
				GENERATE_INFOPLIST_FILE = YES;
				INFOPLIST_KEY_LSUIElement = NO;
				INFOPLIST_KEY_NSHumanReadableCopyright = "";
				INFOPLIST_KEY_NSPrincipalClass = NSApplication;
				LD_RUNPATH_SEARCH_PATHS = (
					"$(inherited)",
					"@executable_path/../Frameworks",
				);
				MARKETING_VERSION = 0.1.0;
				PRODUCT_BUNDLE_IDENTIFIER = com.eladperegrubens.FloatStop;
				PRODUCT_NAME = "$(TARGET_NAME)";
				SWIFT_EMIT_LOC_STRINGS = YES;
				SWIFT_VERSION = 5.0;
			};
			name = Debug;
		};
		A0000000000000000000000B /* Release */ = {
			isa = XCBuildConfiguration;
			buildSettings = {
				ASSETCATALOG_COMPILER_APPICON_NAME = AppIcon;
				CODE_SIGN_STYLE = Automatic;
				CODE_SIGN_IDENTITY = "-";
				COMBINE_HIDPI_IMAGES = YES;
				CURRENT_PROJECT_VERSION = 1;
				ENABLE_HARDENED_RUNTIME = YES;
				GENERATE_INFOPLIST_FILE = YES;
				INFOPLIST_KEY_LSUIElement = NO;
				INFOPLIST_KEY_NSHumanReadableCopyright = "";
				INFOPLIST_KEY_NSPrincipalClass = NSApplication;
				LD_RUNPATH_SEARCH_PATHS = (
					"$(inherited)",
					"@executable_path/../Frameworks",
				);
				MARKETING_VERSION = 0.1.0;
				PRODUCT_BUNDLE_IDENTIFIER = com.eladperegrubens.FloatStop;
				PRODUCT_NAME = "$(TARGET_NAME)";
				SWIFT_EMIT_LOC_STRINGS = YES;
				SWIFT_VERSION = 5.0;
			};
			name = Release;
		};
/* End XCBuildConfiguration section */

/* Begin XCConfigurationList section */
		A00000000000000000000006 /* Build configuration list for PBXNativeTarget "FloatStop" */ = {
			isa = XCConfigurationList;
			buildConfigurations = (
				A0000000000000000000000A /* Debug */,
				A0000000000000000000000B /* Release */,
			);
			defaultConfigurationIsVisible = 0;
			defaultConfigurationName = Release;
		};
		A00000000000000000000007 /* Build configuration list for PBXProject "FloatStop" */ = {
			isa = XCConfigurationList;
			buildConfigurations = (
				A00000000000000000000008 /* Debug */,
				A00000000000000000000009 /* Release */,
			);
			defaultConfigurationIsVisible = 0;
			defaultConfigurationName = Release;
		};
/* End XCConfigurationList section */
	};
	rootObject = A00000000000000000000001 /* Project object */;
}
